
Microsoft Visual Studio Solution File, Format Version 12.00
# Visual Studio 15
VisualStudioVersion = 15.0.28307.421
MinimumVisualStudioVersion = 10.0.40219.1
Project("{9A19103F-16F7-4668-BE54-9A1E7A4F7556}") = "CodeJamTest", "CodeJamTest\CodeJamTest.csproj", "{67E4CE39-143C-40F7-BED3-21531559DAC8}"
EndProject
Project("{9A19103F-16F7-4668-BE54-9A1E7A4F7556}") = "Mural", "Mural\Mural.csproj", "{D0C50DA3-733C-4603-B765-A0E6B42210A3}"
EndProject
Project("{9A19103F-16F7-4668-BE54-9A1E7A4F7556}") = "KickstartAlarm", "KickstartAlarm\KickstartAlarm.csproj", "{E56FBB2C-72B1-4B98-A4A9-D6D444E177D7}"
EndProject
Project("{2150E333-8FDC-42A3-9474-1A3956D46DE8}") = "Solution Items", "Solution Items", "{58524DA7-E387-4011-944A-4C697FC43EE4}"
EndProject
Global
	GlobalSection(SolutionConfigurationPlatforms) = preSolution
		Debug|Any CPU = Debug|Any CPU
		Release|Any CPU = Release|Any CPU
	EndGlobalSection
	GlobalSection(ProjectConfigurationPlatforms) = postSolution
		{67E4CE39-143C-40F7-BED3-21531559DAC8}.Debug|Any CPU.ActiveCfg = Debug|Any CPU
		{67E4CE39-143C-40F7-BED3-21531559DAC8}.Debug|Any CPU.Build.0 = Debug|Any CPU
		{67E4CE39-143C-40F7-BED3-21531559DAC8}.Release|Any CPU.ActiveCfg = Release|Any CPU
		{67E4CE39-143C-40F7-BED3-21531559DAC8}.Release|Any CPU.Build.0 = Release|Any CPU
		{D0C50DA3-733C-4603-B765-A0E6B42210A3}.Debug|Any CPU.ActiveCfg = Debug|Any CPU
		{D0C50DA3-733C-4603-B765-A0E6B42210A3}.Debug|Any CPU.Build.0 = Debug|Any CPU
		{D0C50DA3-733C-4603-B765-A0E6B42210A3}.Release|Any CPU.ActiveCfg = Release|Any CPU
		{D0C50DA3-733C-4603-B765-A0E6B42210A3}.Release|Any CPU.Build.0 = Release|Any CPU
		{E56FBB2C-72B1-4B98-A4A9-D6D444E177D7}.Debug|Any CPU.ActiveCfg = Debug|Any CPU
		{E56FBB2C-72B1-4B98-A4A9-D6D444E177D7}.Debug|Any CPU.Build.0 = Debug|Any CPU
		{E56FBB2C-72B1-4B98-A4A9-D6D444E177D7}.Release|Any CPU.ActiveCfg = Release|Any CPU
		{E56FBB2C-72B1-4B98-A4A9-D6D444E177D7}.Release|Any CPU.Build.0 = Release|Any CPU
	EndGlobalSection
	GlobalSection(SolutionProperties) = preSolution
		HideSolutionNode = FALSE
	EndGlobalSection
	GlobalSection(ExtensibilityGlobals) = postSolution
		SolutionGuid = {69502A2C-F58C-40EF-94F3-CBE96C64F5DA}
	EndGlobalSection
EndGlobal
